
Microsoft Visual Studio Solution File, Format Version 12.00
# Visual Studio Version 17
VisualStudioVersion = 17.7.34024.191
MinimumVisualStudioVersion = 10.0.40219.1
Project("{FAE04EC0-301F-11D3-BF4B-00C04F79EFBC}") = "Infrastructure", "Infrastructure\Infrastructure.csproj", "{F28AE658-A328-4311-9B11-803DD268B195}"
EndProject
Project("{FAE04EC0-301F-11D3-BF4B-00C04F79EFBC}") = "Application", "Application\Application.csproj", "{AE97E0DE-5AE6-4773-BD9D-61F250F9E21B}"
EndProject
Project("{FAE04EC0-301F-11D3-BF4B-00C04F79EFBC}") = "Domain", "Domain\Domain.csproj", "{37527B12-4699-44E1-98B7-A461D38C14F2}"
EndProject
Project("{FAE04EC0-301F-11D3-BF4B-00C04F79EFBC}") = "WebApi", "WebApi\WebApi.csproj", "{22A99883-53FF-4D6E-98CA-89B5B4689E33}"
EndProject
Global
	GlobalSection(SolutionConfigurationPlatforms) = preSolution
		Debug|Any CPU = Debug|Any CPU
		Release|Any CPU = Release|Any CPU
	EndGlobalSection
	GlobalSection(ProjectConfigurationPlatforms) = postSolution
		{F28AE658-A328-4311-9B11-803DD268B195}.Debug|Any CPU.ActiveCfg = Debug|Any CPU
		{F28AE658-A328-4311-9B11-803DD268B195}.Debug|Any CPU.Build.0 = Debug|Any CPU
		{F28AE658-A328-4311-9B11-803DD268B195}.Release|Any CPU.ActiveCfg = Release|Any CPU
		{F28AE658-A328-4311-9B11-803DD268B195}.Release|Any CPU.Build.0 = Release|Any CPU
		{AE97E0DE-5AE6-4773-BD9D-61F250F9E21B}.Debug|Any CPU.ActiveCfg = Debug|Any CPU
		{AE97E0DE-5AE6-4773-BD9D-61F250F9E21B}.Debug|Any CPU.Build.0 = Debug|Any CPU
		{AE97E0DE-5AE6-4773-BD9D-61F250F9E21B}.Release|Any CPU.ActiveCfg = Release|Any CPU
		{AE97E0DE-5AE6-4773-BD9D-61F250F9E21B}.Release|Any CPU.Build.0 = Release|Any CPU
		{37527B12-4699-44E1-98B7-A461D38C14F2}.Debug|Any CPU.ActiveCfg = Debug|Any CPU
		{37527B12-4699-44E1-98B7-A461D38C14F2}.Debug|Any CPU.Build.0 = Debug|Any CPU
		{37527B12-4699-44E1-98B7-A461D38C14F2}.Release|Any CPU.ActiveCfg = Release|Any CPU
		{37527B12-4699-44E1-98B7-A461D38C14F2}.Release|Any CPU.Build.0 = Release|Any CPU
		{22A99883-53FF-4D6E-98CA-89B5B4689E33}.Debug|Any CPU.ActiveCfg = Debug|Any CPU
		{22A99883-53FF-4D6E-98CA-89B5B4689E33}.Debug|Any CPU.Build.0 = Debug|Any CPU
		{22A99883-53FF-4D6E-98CA-89B5B4689E33}.Release|Any CPU.ActiveCfg = Release|Any CPU
		{22A99883-53FF-4D6E-98CA-89B5B4689E33}.Release|Any CPU.Build.0 = Release|Any CPU
	EndGlobalSection
	GlobalSection(SolutionProperties) = preSolution
		HideSolutionNode = FALSE
	EndGlobalSection
	GlobalSection(ExtensibilityGlobals) = postSolution
		SolutionGuid = {F46FDD28-C44F-472F-828D-1F671BFE32DA}
	EndGlobalSection
EndGlobal
